
Microsoft Visual Studio Solution File, Format Version 12.00
# Visual Studio Version 17
VisualStudioVersion = 17.0.31903.59
MinimumVisualStudioVersion = 10.0.40219.1
Project("{2150E333-8FDC-42A3-9474-1A3956D46DE8}") = "dotnet-new", "dotnet-new", "{1EB758DD-7FDE-4FF2-E48D-3CF11F8603C6}"
EndProject
Project("{2150E333-8FDC-42A3-9474-1A3956D46DE8}") = "play", "play", "{3EFC1B86-6A23-306F-713F-9ED52463CC35}"
EndProject
Project("{2150E333-8FDC-42A3-9474-1A3956D46DE8}") = "source", "source", "{1A9F6898-2F15-56AA-78F4-C53E2EB44D14}"
EndProject
Project("{FAE04EC0-301F-11D3-BF4B-00C04F79EFBC}") = "Copaster.DotnetNew.Playground.Source", "dotnet-new\play\source\Copaster.DotnetNew.Playground.Source.csproj", "{18BE08ED-DADF-4DDF-8DBB-05BD0C845607}"
EndProject
Project("{2150E333-8FDC-42A3-9474-1A3956D46DE8}") = "target", "target", "{668CC187-67C0-4E21-FAD6-A4B2FB54AF71}"
EndProject
Project("{FAE04EC0-301F-11D3-BF4B-00C04F79EFBC}") = "Copaster.DotnetNew.Playground.Target", "dotnet-new\play\target\Copaster.DotnetNew.Playground.Target.csproj", "{2782BE9A-50AF-43F8-A52C-DE4D66AAA727}"
EndProject
Project("{2150E333-8FDC-42A3-9474-1A3956D46DE8}") = "namespaces", "namespaces", "{CDABF021-0F35-EF60-7190-45219AEF0973}"
EndProject
Project("{2150E333-8FDC-42A3-9474-1A3956D46DE8}") = "cli", "cli", "{563DCCE4-B320-475E-7B8B-5E3275790E67}"
EndProject
Project("{FAE04EC0-301F-11D3-BF4B-00C04F79EFBC}") = "Copaster.NamespaceFixer.Cli", "namespaces\cli\Copaster.NamespaceFixer.Cli.csproj", "{83439B57-D989-465B-81D6-7EF2D63EB776}"
EndProject
Project("{2150E333-8FDC-42A3-9474-1A3956D46DE8}") = "cli", "cli", "{342A349A-D343-8551-4064-2E2800C39E13}"
EndProject
Project("{FAE04EC0-301F-11D3-BF4B-00C04F79EFBC}") = "Copaster.Cli", "cli\Copaster.Cli.csproj", "{13668F01-0567-4BCF-AE60-64AC3C5871A2}"
EndProject
Project("{2150E333-8FDC-42A3-9474-1A3956D46DE8}") = "buffer", "buffer", "{F946C7B1-71B7-2D6F-83D6-93BE1D4805C3}"
EndProject
Project("{FAE04EC0-301F-11D3-BF4B-00C04F79EFBC}") = "Copaster.Buffer", "buffer\Copaster.Buffer.csproj", "{1EB1E262-A4E6-47F9-8AD4-BF34ED90DD6D}"
EndProject
Global
	GlobalSection(SolutionConfigurationPlatforms) = preSolution
		Debug|Any CPU = Debug|Any CPU
		Debug|x64 = Debug|x64
		Debug|x86 = Debug|x86
		Release|Any CPU = Release|Any CPU
		Release|x64 = Release|x64
		Release|x86 = Release|x86
	EndGlobalSection
	GlobalSection(ProjectConfigurationPlatforms) = postSolution
		{18BE08ED-DADF-4DDF-8DBB-05BD0C845607}.Debug|Any CPU.ActiveCfg = Debug|Any CPU
		{18BE08ED-DADF-4DDF-8DBB-05BD0C845607}.Debug|Any CPU.Build.0 = Debug|Any CPU
		{18BE08ED-DADF-4DDF-8DBB-05BD0C845607}.Debug|x64.ActiveCfg = Debug|Any CPU
		{18BE08ED-DADF-4DDF-8DBB-05BD0C845607}.Debug|x64.Build.0 = Debug|Any CPU
		{18BE08ED-DADF-4DDF-8DBB-05BD0C845607}.Debug|x86.ActiveCfg = Debug|Any CPU
		{18BE08ED-DADF-4DDF-8DBB-05BD0C845607}.Debug|x86.Build.0 = Debug|Any CPU
		{18BE08ED-DADF-4DDF-8DBB-05BD0C845607}.Release|Any CPU.ActiveCfg = Release|Any CPU
		{18BE08ED-DADF-4DDF-8DBB-05BD0C845607}.Release|Any CPU.Build.0 = Release|Any CPU
		{18BE08ED-DADF-4DDF-8DBB-05BD0C845607}.Release|x64.ActiveCfg = Release|Any CPU
		{18BE08ED-DADF-4DDF-8DBB-05BD0C845607}.Release|x64.Build.0 = Release|Any CPU
		{18BE08ED-DADF-4DDF-8DBB-05BD0C845607}.Release|x86.ActiveCfg = Release|Any CPU
		{18BE08ED-DADF-4DDF-8DBB-05BD0C845607}.Release|x86.Build.0 = Release|Any CPU
		{2782BE9A-50AF-43F8-A52C-DE4D66AAA727}.Debug|Any CPU.ActiveCfg = Debug|Any CPU
		{2782BE9A-50AF-43F8-A52C-DE4D66AAA727}.Debug|Any CPU.Build.0 = Debug|Any CPU
		{2782BE9A-50AF-43F8-A52C-DE4D66AAA727}.Debug|x64.ActiveCfg = Debug|Any CPU
		{2782BE9A-50AF-43F8-A52C-DE4D66AAA727}.Debug|x64.Build.0 = Debug|Any CPU
		{2782BE9A-50AF-43F8-A52C-DE4D66AAA727}.Debug|x86.ActiveCfg = Debug|Any CPU
		{2782BE9A-50AF-43F8-A52C-DE4D66AAA727}.Debug|x86.Build.0 = Debug|Any CPU
		{2782BE9A-50AF-43F8-A52C-DE4D66AAA727}.Release|Any CPU.ActiveCfg = Release|Any CPU
		{2782BE9A-50AF-43F8-A52C-DE4D66AAA727}.Release|Any CPU.Build.0 = Release|Any CPU
		{2782BE9A-50AF-43F8-A52C-DE4D66AAA727}.Release|x64.ActiveCfg = Release|Any CPU
		{2782BE9A-50AF-43F8-A52C-DE4D66AAA727}.Release|x64.Build.0 = Release|Any CPU
		{2782BE9A-50AF-43F8-A52C-DE4D66AAA727}.Release|x86.ActiveCfg = Release|Any CPU
		{2782BE9A-50AF-43F8-A52C-DE4D66AAA727}.Release|x86.Build.0 = Release|Any CPU
		{83439B57-D989-465B-81D6-7EF2D63EB776}.Debug|Any CPU.ActiveCfg = Debug|Any CPU
		{83439B57-D989-465B-81D6-7EF2D63EB776}.Debug|Any CPU.Build.0 = Debug|Any CPU
		{83439B57-D989-465B-81D6-7EF2D63EB776}.Debug|x64.ActiveCfg = Debug|Any CPU
		{83439B57-D989-465B-81D6-7EF2D63EB776}.Debug|x64.Build.0 = Debug|Any CPU
		{83439B57-D989-465B-81D6-7EF2D63EB776}.Debug|x86.ActiveCfg = Debug|Any CPU
		{83439B57-D989-465B-81D6-7EF2D63EB776}.Debug|x86.Build.0 = Debug|Any CPU
		{83439B57-D989-465B-81D6-7EF2D63EB776}.Release|Any CPU.ActiveCfg = Release|Any CPU
		{83439B57-D989-465B-81D6-7EF2D63EB776}.Release|Any CPU.Build.0 = Release|Any CPU
		{83439B57-D989-465B-81D6-7EF2D63EB776}.Release|x64.ActiveCfg = Release|Any CPU
		{83439B57-D989-465B-81D6-7EF2D63EB776}.Release|x64.Build.0 = Release|Any CPU
		{83439B57-D989-465B-81D6-7EF2D63EB776}.Release|x86.ActiveCfg = Release|Any CPU
		{83439B57-D989-465B-81D6-7EF2D63EB776}.Release|x86.Build.0 = Release|Any CPU
		{13668F01-0567-4BCF-AE60-64AC3C5871A2}.Debug|Any CPU.ActiveCfg = Debug|Any CPU
		{13668F01-0567-4BCF-AE60-64AC3C5871A2}.Debug|Any CPU.Build.0 = Debug|Any CPU
		{13668F01-0567-4BCF-AE60-64AC3C5871A2}.Debug|x64.ActiveCfg = Debug|Any CPU
		{13668F01-0567-4BCF-AE60-64AC3C5871A2}.Debug|x64.Build.0 = Debug|Any CPU
		{13668F01-0567-4BCF-AE60-64AC3C5871A2}.Debug|x86.ActiveCfg = Debug|Any CPU
		{13668F01-0567-4BCF-AE60-64AC3C5871A2}.Debug|x86.Build.0 = Debug|Any CPU
		{13668F01-0567-4BCF-AE60-64AC3C5871A2}.Release|Any CPU.ActiveCfg = Release|Any CPU
		{13668F01-0567-4BCF-AE60-64AC3C5871A2}.Release|Any CPU.Build.0 = Release|Any CPU
		{13668F01-0567-4BCF-AE60-64AC3C5871A2}.Release|x64.ActiveCfg = Release|Any CPU
		{13668F01-0567-4BCF-AE60-64AC3C5871A2}.Release|x64.Build.0 = Release|Any CPU
		{13668F01-0567-4BCF-AE60-64AC3C5871A2}.Release|x86.ActiveCfg = Release|Any CPU
		{13668F01-0567-4BCF-AE60-64AC3C5871A2}.Release|x86.Build.0 = Release|Any CPU
		{1EB1E262-A4E6-47F9-8AD4-BF34ED90DD6D}.Debug|Any CPU.ActiveCfg = Debug|Any CPU
		{1EB1E262-A4E6-47F9-8AD4-BF34ED90DD6D}.Debug|Any CPU.Build.0 = Debug|Any CPU
		{1EB1E262-A4E6-47F9-8AD4-BF34ED90DD6D}.Debug|x64.ActiveCfg = Debug|Any CPU
		{1EB1E262-A4E6-47F9-8AD4-BF34ED90DD6D}.Debug|x64.Build.0 = Debug|Any CPU
		{1EB1E262-A4E6-47F9-8AD4-BF34ED90DD6D}.Debug|x86.ActiveCfg = Debug|Any CPU
		{1EB1E262-A4E6-47F9-8AD4-BF34ED90DD6D}.Debug|x86.Build.0 = Debug|Any CPU
		{1EB1E262-A4E6-47F9-8AD4-BF34ED90DD6D}.Release|Any CPU.ActiveCfg = Release|Any CPU
		{1EB1E262-A4E6-47F9-8AD4-BF34ED90DD6D}.Release|Any CPU.Build.0 = Release|Any CPU
		{1EB1E262-A4E6-47F9-8AD4-BF34ED90DD6D}.Release|x64.ActiveCfg = Release|Any CPU
		{1EB1E262-A4E6-47F9-8AD4-BF34ED90DD6D}.Release|x64.Build.0 = Release|Any CPU
		{1EB1E262-A4E6-47F9-8AD4-BF34ED90DD6D}.Release|x86.ActiveCfg = Release|Any CPU
		{1EB1E262-A4E6-47F9-8AD4-BF34ED90DD6D}.Release|x86.Build.0 = Release|Any CPU
	EndGlobalSection
	GlobalSection(SolutionProperties) = preSolution
		HideSolutionNode = FALSE
	EndGlobalSection
	GlobalSection(NestedProjects) = preSolution
		{3EFC1B86-6A23-306F-713F-9ED52463CC35} = {1EB758DD-7FDE-4FF2-E48D-3CF11F8603C6}
		{1A9F6898-2F15-56AA-78F4-C53E2EB44D14} = {3EFC1B86-6A23-306F-713F-9ED52463CC35}
		{18BE08ED-DADF-4DDF-8DBB-05BD0C845607} = {1A9F6898-2F15-56AA-78F4-C53E2EB44D14}
		{668CC187-67C0-4E21-FAD6-A4B2FB54AF71} = {3EFC1B86-6A23-306F-713F-9ED52463CC35}
		{2782BE9A-50AF-43F8-A52C-DE4D66AAA727} = {668CC187-67C0-4E21-FAD6-A4B2FB54AF71}
		{563DCCE4-B320-475E-7B8B-5E3275790E67} = {CDABF021-0F35-EF60-7190-45219AEF0973}
		{83439B57-D989-465B-81D6-7EF2D63EB776} = {563DCCE4-B320-475E-7B8B-5E3275790E67}
		{13668F01-0567-4BCF-AE60-64AC3C5871A2} = {342A349A-D343-8551-4064-2E2800C39E13}
		{1EB1E262-A4E6-47F9-8AD4-BF34ED90DD6D} = {F946C7B1-71B7-2D6F-83D6-93BE1D4805C3}
	EndGlobalSection
EndGlobal
